// !$*UTF8*$!
{
	archiveVersion = 1;
	classes = {
	};
	objectVersion = 77;
	objects = {

/* Begin PBXBuildFile section */
		88E210AB40A0492196A18717 /* SQLCipher in Frameworks */ = {isa = PBXBuildFile; productRef = 800A4EFF22ED4B2A8B255A44 /* SQLCipher */; };
		D75781506ED1439AA0496174 /* SQLCipher in Frameworks */ = {isa = PBXBuildFile; productRef = C27866732AC64E198C44C1C2 /* SQLCipher */; };
/* End PBXBuildFile section */

/* Begin PBXContainerItemProxy section */
		77267F372FA0AFE200058116 /* PBXContainerItemProxy */ = {
			isa = PBXContainerItemProxy;
			containerPortal = 77267F182FA0AFE000058116 /* Project object */;
			proxyType = 1;
			remoteGlobalIDString = 77267F1F2FA0AFE000058116;
			remoteInfo = AppleIM;
		};
		77267F412FA0AFE200058116 /* PBXContainerItemProxy */ = {
			isa = PBXContainerItemProxy;
			containerPortal = 77267F182FA0AFE000058116 /* Project object */;
			proxyType = 1;
			remoteGlobalIDString = 77267F1F2FA0AFE000058116;
			remoteInfo = AppleIM;
		};
/* End PBXContainerItemProxy section */

/* Begin PBXFileReference section */
		77267F202FA0AFE000058116 /* AppleIM.app */ = {isa = PBXFileReference; explicitFileType = wrapper.application; includeInIndex = 0; path = AppleIM.app; sourceTree = BUILT_PRODUCTS_DIR; };
		77267F362FA0AFE200058116 /* AppleIMTests.xctest */ = {isa = PBXFileReference; explicitFileType = wrapper.cfbundle; includeInIndex = 0; path = AppleIMTests.xctest; sourceTree = BUILT_PRODUCTS_DIR; };
		77267F402FA0AFE200058116 /* AppleIMUITests.xctest */ = {isa = PBXFileReference; explicitFileType = wrapper.cfbundle; includeInIndex = 0; path = AppleIMUITests.xctest; sourceTree = BUILT_PRODUCTS_DIR; };
/* End PBXFileReference section */

/* Begin PBXFileSystemSynchronizedBuildFileExceptionSet section */
		77267F482FA0AFE200058116 /* Exceptions for "AppleIM" folder in "AppleIM" target */ = {
			isa = PBXFileSystemSynchronizedBuildFileExceptionSet;
			membershipExceptions = (
				Info.plist,
			);
			target = 77267F1F2FA0AFE000058116 /* AppleIM */;
		};
/* End PBXFileSystemSynchronizedBuildFileExceptionSet section */

/* Begin PBXFileSystemSynchronizedRootGroup section */
		77267F222FA0AFE000058116 /* AppleIM */ = {
			isa = PBXFileSystemSynchronizedRootGroup;
			exceptions = (
				77267F482FA0AFE200058116 /* Exceptions for "AppleIM" folder in "AppleIM" target */,
			);
			path = AppleIM;
			sourceTree = "<group>";
		};
		77267F392FA0AFE200058116 /* AppleIMTests */ = {
			isa = PBXFileSystemSynchronizedRootGroup;
			path = AppleIMTests;
			sourceTree = "<group>";
		};
		77267F432FA0AFE200058116 /* AppleIMUITests */ = {
			isa = PBXFileSystemSynchronizedRootGroup;
			path = AppleIMUITests;
			sourceTree = "<group>";
		};
/* End PBXFileSystemSynchronizedRootGroup section */

/* Begin PBXFrameworksBuildPhase section */
		77267F1D2FA0AFE000058116 /* Frameworks */ = {
			isa = PBXFrameworksBuildPhase;
			buildActionMask = 2147483647;
			files = (
				88E210AB40A0492196A18717 /* SQLCipher in Frameworks */,
			);
			runOnlyForDeploymentPostprocessing = 0;
		};
		77267F332FA0AFE200058116 /* Frameworks */ = {
			isa = PBXFrameworksBuildPhase;
			buildActionMask = 2147483647;
			files = (
				D75781506ED1439AA0496174 /* SQLCipher in Frameworks */,
			);
			runOnlyForDeploymentPostprocessing = 0;
		};
		77267F3D2FA0AFE200058116 /* Frameworks */ = {
			isa = PBXFrameworksBuildPhase;
			buildActionMask = 2147483647;
			files = (
			);
			runOnlyForDeploymentPostprocessing = 0;
		};
/* End PBXFrameworksBuildPhase section */

/* Begin PBXGroup section */
		77267F172FA0AFE000058116 = {
			isa = PBXGroup;
			children = (
				77267F222FA0AFE000058116 /* AppleIM */,
				77267F392FA0AFE200058116 /* AppleIMTests */,
				77267F432FA0AFE200058116 /* AppleIMUITests */,
				77267F212FA0AFE000058116 /* Products */,
			);
			sourceTree = "<group>";
		};
		77267F212FA0AFE000058116 /* Products */ = {
			isa = PBXGroup;
			children = (
				77267F202FA0AFE000058116 /* AppleIM.app */,
				77267F362FA0AFE200058116 /* AppleIMTests.xctest */,
				77267F402FA0AFE200058116 /* AppleIMUITests.xctest */,
			);
			name = Products;
			sourceTree = "<group>";
		};
/* End PBXGroup section */

/* Begin PBXNativeTarget section */
		77267F1F2FA0AFE000058116 /* AppleIM */ = {
			isa = PBXNativeTarget;
			buildConfigurationList = 77267F492FA0AFE200058116 /* Build configuration list for PBXNativeTarget "AppleIM" */;
			buildPhases = (
				77267F1C2FA0AFE000058116 /* Sources */,
				77267F1D2FA0AFE000058116 /* Frameworks */,
				77267F1E2FA0AFE000058116 /* Resources */,
			);
			buildRules = (
			);
			dependencies = (
			);
			fileSystemSynchronizedGroups = (
				77267F222FA0AFE000058116 /* AppleIM */,
			);
			name = AppleIM;
			packageProductDependencies = (
				800A4EFF22ED4B2A8B255A44 /* SQLCipher */,
			);
			productName = AppleIM;
			productReference = 77267F202FA0AFE000058116 /* AppleIM.app */;
			productType = "com.apple.product-type.application";
		};
		77267F352FA0AFE200058116 /* AppleIMTests */ = {
			isa = PBXNativeTarget;
			buildConfigurationList = 77267F4E2FA0AFE200058116 /* Build configuration list for PBXNativeTarget "AppleIMTests" */;
			buildPhases = (
				77267F322FA0AFE200058116 /* Sources */,
				77267F332FA0AFE200058116 /* Frameworks */,
				77267F342FA0AFE200058116 /* Resources */,
			);
			buildRules = (
			);
			dependencies = (
				77267F382FA0AFE200058116 /* PBXTargetDependency */,
			);
			fileSystemSynchronizedGroups = (
				77267F392FA0AFE200058116 /* AppleIMTests */,
			);
			name = AppleIMTests;
			packageProductDependencies = (
				C27866732AC64E198C44C1C2 /* SQLCipher */,
			);
			productName = AppleIMTests;
			productReference = 77267F362FA0AFE200058116 /* AppleIMTests.xctest */;
			productType = "com.apple.product-type.bundle.unit-test";
		};
		77267F3F2FA0AFE200058116 /* AppleIMUITests */ = {
			isa = PBXNativeTarget;
			buildConfigurationList = 77267F512FA0AFE200058116 /* Build configuration list for PBXNativeTarget "AppleIMUITests" */;
			buildPhases = (
				77267F3C2FA0AFE200058116 /* Sources */,
				77267F3D2FA0AFE200058116 /* Frameworks */,
				77267F3E2FA0AFE200058116 /* Resources */,
			);
			buildRules = (
			);
			dependencies = (
				77267F422FA0AFE200058116 /* PBXTargetDependency */,
			);
			fileSystemSynchronizedGroups = (
				77267F432FA0AFE200058116 /* AppleIMUITests */,
			);
			name = AppleIMUITests;
			packageProductDependencies = (
			);
			productName = AppleIMUITests;
			productReference = 77267F402FA0AFE200058116 /* AppleIMUITests.xctest */;
			productType = "com.apple.product-type.bundle.ui-testing";
		};
/* End PBXNativeTarget section */

/* Begin PBXProject section */
		77267F182FA0AFE000058116 /* Project object */ = {
			isa = PBXProject;
			attributes = {
				BuildIndependentTargetsInParallel = 1;
				LastSwiftUpdateCheck = 2640;
				LastUpgradeCheck = 2640;
				TargetAttributes = {
					77267F1F2FA0AFE000058116 = {
						CreatedOnToolsVersion = 26.4.1;
					};
					77267F352FA0AFE200058116 = {
						CreatedOnToolsVersion = 26.4.1;
						TestTargetID = 77267F1F2FA0AFE000058116;
					};
					77267F3F2FA0AFE200058116 = {
						CreatedOnToolsVersion = 26.4.1;
						TestTargetID = 77267F1F2FA0AFE000058116;
					};
				};
			};
			buildConfigurationList = 77267F1B2FA0AFE000058116 /* Build configuration list for PBXProject "AppleIM" */;
			developmentRegion = en;
			hasScannedForEncodings = 0;
			knownRegions = (
				en,
				Base,
			);
			mainGroup = 77267F172FA0AFE000058116;
			minimizedProjectReferenceProxies = 1;
			packageReferences = (
				E6C2C013F39046E4903932BD /* XCRemoteSwiftPackageReference "SQLCipher.swift" */,
			);
			preferredProjectObjectVersion = 77;
			productRefGroup = 77267F212FA0AFE000058116 /* Products */;
			projectDirPath = "";
			projectRoot = "";
			targets = (
				77267F1F2FA0AFE000058116 /* AppleIM */,
				77267F352FA0AFE200058116 /* AppleIMTests */,
				77267F3F2FA0AFE200058116 /* AppleIMUITests */,
			);
		};
/* End PBXProject section */

/* Begin PBXResourcesBuildPhase section */
		77267F1E2FA0AFE000058116 /* Resources */ = {
			isa = PBXResourcesBuildPhase;
			buildActionMask = 2147483647;
			files = (
			);
			runOnlyForDeploymentPostprocessing = 0;
		};
		77267F342FA0AFE200058116 /* Resources */ = {
			isa = PBXResourcesBuildPhase;
			buildActionMask = 2147483647;
			files = (
			);
			runOnlyForDeploymentPostprocessing = 0;
		};
		77267F3E2FA0AFE200058116 /* Resources */ = {
			isa = PBXResourcesBuildPhase;
			buildActionMask = 2147483647;
			files = (
			);
			runOnlyForDeploymentPostprocessing = 0;
		};
/* End PBXResourcesBuildPhase section */

/* Begin PBXSourcesBuildPhase section */
		77267F1C2FA0AFE000058116 /* Sources */ = {
			isa = PBXSourcesBuildPhase;
			buildActionMask = 2147483647;
			files = (
			);
			runOnlyForDeploymentPostprocessing = 0;
		};
		77267F322FA0AFE200058116 /* Sources */ = {
			isa = PBXSourcesBuildPhase;
			buildActionMask = 2147483647;
			files = (
			);
			runOnlyForDeploymentPostprocessing = 0;
		};
		77267F3C2FA0AFE200058116 /* Sources */ = {
			isa = PBXSourcesBuildPhase;
			buildActionMask = 2147483647;
			files = (
			);
			runOnlyForDeploymentPostprocessing = 0;
		};
/* End PBXSourcesBuildPhase section */

/* Begin PBXTargetDependency section */
		77267F382FA0AFE200058116 /* PBXTargetDependency */ = {
			isa = PBXTargetDependency;
			target = 77267F1F2FA0AFE000058116 /* AppleIM */;
			targetProxy = 77267F372FA0AFE200058116 /* PBXContainerItemProxy */;
		};
		77267F422FA0AFE200058116 /* PBXTargetDependency */ = {
			isa = PBXTargetDependency;
			target = 77267F1F2FA0AFE000058116 /* AppleIM */;
			targetProxy = 77267F412FA0AFE200058116 /* PBXContainerItemProxy */;
		};
/* End PBXTargetDependency section */

/* Begin XCBuildConfiguration section */
		77267F4A2FA0AFE200058116 /* Debug */ = {
			isa = XCBuildConfiguration;
			buildSettings = {
				ASSETCATALOG_COMPILER_APPICON_NAME = AppIcon;
				ASSETCATALOG_COMPILER_GLOBAL_ACCENT_COLOR_NAME = AccentColor;
				CODE_SIGN_STYLE = Automatic;
				CURRENT_PROJECT_VERSION = 1;
				DEVELOPMENT_TEAM = R75LFWU52W;
				GCC_PREPROCESSOR_DEFINITIONS = (
					"$(inherited)",
					SQLITE_HAS_CODEC,
				);
				GENERATE_INFOPLIST_FILE = YES;
				INFOPLIST_FILE = AppleIM/Info.plist;
				INFOPLIST_KEY_UIApplicationSupportsIndirectInputEvents = YES;
				INFOPLIST_KEY_UILaunchStoryboardName = LaunchScreen;
				INFOPLIST_KEY_UISupportedInterfaceOrientations_iPad = "UIInterfaceOrientationPortrait UIInterfaceOrientationPortraitUpsideDown UIInterfaceOrientationLandscapeLeft UIInterfaceOrientationLandscapeRight";
				INFOPLIST_KEY_UISupportedInterfaceOrientations_iPhone = "UIInterfaceOrientationPortrait UIInterfaceOrientationLandscapeLeft UIInterfaceOrientationLandscapeRight";
				IPHONEOS_DEPLOYMENT_TARGET = 15.0;
				LD_RUNPATH_SEARCH_PATHS = (
					"$(inherited)",
					"@executable_path/Frameworks",
				);
				MARKETING_VERSION = 1.0;
				OTHER_LDFLAGS = (
					"$(inherited)",
					"-weak_framework",
					AppIntents,
				);
				PRODUCT_BUNDLE_IDENTIFIER = com.sondra.AppleIM;
				PRODUCT_NAME = "$(TARGET_NAME)";
				STRING_CATALOG_GENERATE_SYMBOLS = YES;
				SWIFT_APPROACHABLE_CONCURRENCY = YES;
				SWIFT_DEFAULT_ACTOR_ISOLATION = MainActor;
				SWIFT_EMIT_LOC_STRINGS = YES;
				SWIFT_STRICT_CONCURRENCY = complete;
				SWIFT_UPCOMING_FEATURE_MEMBER_IMPORT_VISIBILITY = YES;
				SWIFT_VERSION = 6.0;
				TARGETED_DEVICE_FAMILY = "1,2";
			};
			name = Debug;
		};
		77267F4B2FA0AFE200058116 /* Release */ = {
			isa = XCBuildConfiguration;
			buildSettings = {
				ASSETCATALOG_COMPILER_APPICON_NAME = AppIcon;
				ASSETCATALOG_COMPILER_GLOBAL_ACCENT_COLOR_NAME = AccentColor;
				CODE_SIGN_STYLE = Automatic;
				CURRENT_PROJECT_VERSION = 1;
				DEVELOPMENT_TEAM = R75LFWU52W;
				GCC_PREPROCESSOR_DEFINITIONS = (
					"$(inherited)",
					SQLITE_HAS_CODEC,
				);
				GENERATE_INFOPLIST_FILE = YES;
				INFOPLIST_FILE = AppleIM/Info.plist;
				INFOPLIST_KEY_UIApplicationSupportsIndirectInputEvents = YES;
				INFOPLIST_KEY_UILaunchStoryboardName = LaunchScreen;
				INFOPLIST_KEY_UISupportedInterfaceOrientations_iPad = "UIInterfaceOrientationPortrait UIInterfaceOrientationPortraitUpsideDown UIInterfaceOrientationLandscapeLeft UIInterfaceOrientationLandscapeRight";
				INFOPLIST_KEY_UISupportedInterfaceOrientations_iPhone = "UIInterfaceOrientationPortrait UIInterfaceOrientationLandscapeLeft UIInterfaceOrientationLandscapeRight";
				IPHONEOS_DEPLOYMENT_TARGET = 15.0;
				LD_RUNPATH_SEARCH_PATHS = (
					"$(inherited)",
					"@executable_path/Frameworks",
				);
				MARKETING_VERSION = 1.0;
				OTHER_LDFLAGS = (
					"$(inherited)",
					"-weak_framework",
					AppIntents,
				);
				PRODUCT_BUNDLE_IDENTIFIER = com.sondra.AppleIM;
				PRODUCT_NAME = "$(TARGET_NAME)";
				STRING_CATALOG_GENERATE_SYMBOLS = YES;
				SWIFT_APPROACHABLE_CONCURRENCY = YES;
				SWIFT_DEFAULT_ACTOR_ISOLATION = MainActor;
				SWIFT_EMIT_LOC_STRINGS = YES;
				SWIFT_STRICT_CONCURRENCY = complete;
				SWIFT_UPCOMING_FEATURE_MEMBER_IMPORT_VISIBILITY = YES;
				SWIFT_VERSION = 6.0;
				TARGETED_DEVICE_FAMILY = "1,2";
			};
			name = Release;
		};
		77267F4C2FA0AFE200058116 /* Debug */ = {
			isa = XCBuildConfiguration;
			buildSettings = {
				ALWAYS_SEARCH_USER_PATHS = NO;
				ASSETCATALOG_COMPILER_GENERATE_SWIFT_ASSET_SYMBOL_EXTENSIONS = YES;
				CLANG_ANALYZER_NONNULL = YES;
				CLANG_ANALYZER_NUMBER_OBJECT_CONVERSION = YES_AGGRESSIVE;
				CLANG_CXX_LANGUAGE_STANDARD = "gnu++20";
				CLANG_ENABLE_MODULES = YES;
				CLANG_ENABLE_OBJC_ARC = YES;
				CLANG_ENABLE_OBJC_WEAK = YES;
				CLANG_WARN_BLOCK_CAPTURE_AUTORELEASING = YES;
				CLANG_WARN_BOOL_CONVERSION = YES;
				CLANG_WARN_COMMA = YES;
				CLANG_WARN_CONSTANT_CONVERSION = YES;
				CLANG_WARN_DEPRECATED_OBJC_IMPLEMENTATIONS = YES;
				CLANG_WARN_DIRECT_OBJC_ISA_USAGE = YES_ERROR;
				CLANG_WARN_DOCUMENTATION_COMMENTS = YES;
				CLANG_WARN_EMPTY_BODY = YES;
				CLANG_WARN_ENUM_CONVERSION = YES;
				CLANG_WARN_INFINITE_RECURSION = YES;
				CLANG_WARN_INT_CONVERSION = YES;
				CLANG_WARN_NON_LITERAL_NULL_CONVERSION = YES;
				CLANG_WARN_OBJC_IMPLICIT_RETAIN_SELF = YES;
				CLANG_WARN_OBJC_LITERAL_CONVERSION = YES;
				CLANG_WARN_OBJC_ROOT_CLASS = YES_ERROR;
				CLANG_WARN_QUOTED_INCLUDE_IN_FRAMEWORK_HEADER = YES;
				CLANG_WARN_RANGE_LOOP_ANALYSIS = YES;
				CLANG_WARN_STRICT_PROTOTYPES = YES;
				CLANG_WARN_SUSPICIOUS_MOVE = YES;
				CLANG_WARN_UNGUARDED_AVAILABILITY = YES_AGGRESSIVE;
				CLANG_WARN_UNREACHABLE_CODE = YES;
				CLANG_WARN__DUPLICATE_METHOD_MATCH = YES;
				COPY_PHASE_STRIP = NO;
				DEBUG_INFORMATION_FORMAT = dwarf;
				DEVELOPMENT_TEAM = R75LFWU52W;
				ENABLE_STRICT_OBJC_MSGSEND = YES;
				ENABLE_TESTABILITY = YES;
				ENABLE_USER_SCRIPT_SANDBOXING = YES;
				GCC_C_LANGUAGE_STANDARD = gnu17;
				GCC_DYNAMIC_NO_PIC = NO;
				GCC_NO_COMMON_BLOCKS = YES;
				GCC_OPTIMIZATION_LEVEL = 0;
				GCC_PREPROCESSOR_DEFINITIONS = (
					"DEBUG=1",
					"$(inherited)",
				);
				GCC_WARN_64_TO_32_BIT_CONVERSION = YES;
				GCC_WARN_ABOUT_RETURN_TYPE = YES_ERROR;
				GCC_WARN_UNDECLARED_SELECTOR = YES;
				GCC_WARN_UNINITIALIZED_AUTOS = YES_AGGRESSIVE;
				GCC_WARN_UNUSED_FUNCTION = YES;
				GCC_WARN_UNUSED_VARIABLE = YES;
				IPHONEOS_DEPLOYMENT_TARGET = 15.0;
				LOCALIZATION_PREFERS_STRING_CATALOGS = YES;
				MTL_ENABLE_DEBUG_INFO = INCLUDE_SOURCE;
				MTL_FAST_MATH = YES;
				ONLY_ACTIVE_ARCH = YES;
				SDKROOT = iphoneos;
				STRING_CATALOG_GENERATE_SYMBOLS = YES;
				SWIFT_ACTIVE_COMPILATION_CONDITIONS = "DEBUG $(inherited)";
				SWIFT_OPTIMIZATION_LEVEL = "-Onone";
				SWIFT_STRICT_CONCURRENCY = complete;
				SWIFT_VERSION = 6.0;
			};
			name = Debug;
		};
		77267F4D2FA0AFE200058116 /* Release */ = {
			isa = XCBuildConfiguration;
			buildSettings = {
				ALWAYS_SEARCH_USER_PATHS = NO;
				ASSETCATALOG_COMPILER_GENERATE_SWIFT_ASSET_SYMBOL_EXTENSIONS = YES;
				CLANG_ANALYZER_NONNULL = YES;
				CLANG_ANALYZER_NUMBER_OBJECT_CONVERSION = YES_AGGRESSIVE;
				CLANG_CXX_LANGUAGE_STANDARD = "gnu++20";
				CLANG_ENABLE_MODULES = YES;
				CLANG_ENABLE_OBJC_ARC = YES;
				CLANG_ENABLE_OBJC_WEAK = YES;
				CLANG_WARN_BLOCK_CAPTURE_AUTORELEASING = YES;
				CLANG_WARN_BOOL_CONVERSION = YES;
				CLANG_WARN_COMMA = YES;
				CLANG_WARN_CONSTANT_CONVERSION = YES;
				CLANG_WARN_DEPRECATED_OBJC_IMPLEMENTATIONS = YES;
				CLANG_WARN_DIRECT_OBJC_ISA_USAGE = YES_ERROR;
				CLANG_WARN_DOCUMENTATION_COMMENTS = YES;
				CLANG_WARN_EMPTY_BODY = YES;
				CLANG_WARN_ENUM_CONVERSION = YES;
				CLANG_WARN_INFINITE_RECURSION = YES;
				CLANG_WARN_INT_CONVERSION = YES;
				CLANG_WARN_NON_LITERAL_NULL_CONVERSION = YES;
				CLANG_WARN_OBJC_IMPLICIT_RETAIN_SELF = YES;
				CLANG_WARN_OBJC_LITERAL_CONVERSION = YES;
				CLANG_WARN_OBJC_ROOT_CLASS = YES_ERROR;
				CLANG_WARN_QUOTED_INCLUDE_IN_FRAMEWORK_HEADER = YES;
				CLANG_WARN_RANGE_LOOP_ANALYSIS = YES;
				CLANG_WARN_STRICT_PROTOTYPES = YES;
				CLANG_WARN_SUSPICIOUS_MOVE = YES;
				CLANG_WARN_UNGUARDED_AVAILABILITY = YES_AGGRESSIVE;
				CLANG_WARN_UNREACHABLE_CODE = YES;
				CLANG_WARN__DUPLICATE_METHOD_MATCH = YES;
				COPY_PHASE_STRIP = NO;
				DEBUG_INFORMATION_FORMAT = "dwarf-with-dsym";
				DEVELOPMENT_TEAM = R75LFWU52W;
				ENABLE_NS_ASSERTIONS = NO;
				ENABLE_STRICT_OBJC_MSGSEND = YES;
				ENABLE_USER_SCRIPT_SANDBOXING = YES;
				GCC_C_LANGUAGE_STANDARD = gnu17;
				GCC_NO_COMMON_BLOCKS = YES;
				GCC_WARN_64_TO_32_BIT_CONVERSION = YES;
				GCC_WARN_ABOUT_RETURN_TYPE = YES_ERROR;
				GCC_WARN_UNDECLARED_SELECTOR = YES;
				GCC_WARN_UNINITIALIZED_AUTOS = YES_AGGRESSIVE;
				GCC_WARN_UNUSED_FUNCTION = YES;
				GCC_WARN_UNUSED_VARIABLE = YES;
				IPHONEOS_DEPLOYMENT_TARGET = 15.0;
				LOCALIZATION_PREFERS_STRING_CATALOGS = YES;
				MTL_ENABLE_DEBUG_INFO = NO;
				MTL_FAST_MATH = YES;
				SDKROOT = iphoneos;
				STRING_CATALOG_GENERATE_SYMBOLS = YES;
				SWIFT_COMPILATION_MODE = wholemodule;
				SWIFT_STRICT_CONCURRENCY = complete;
				SWIFT_VERSION = 6.0;
				VALIDATE_PRODUCT = YES;
			};
			name = Release;
		};
		77267F4F2FA0AFE200058116 /* Debug */ = {
			isa = XCBuildConfiguration;
			buildSettings = {
				BUNDLE_LOADER = "$(TEST_HOST)";
				CODE_SIGN_STYLE = Automatic;
				CURRENT_PROJECT_VERSION = 1;
				DEVELOPMENT_TEAM = R75LFWU52W;
				GCC_PREPROCESSOR_DEFINITIONS = (
					"$(inherited)",
					SQLITE_HAS_CODEC,
				);
				GENERATE_INFOPLIST_FILE = YES;
				IPHONEOS_DEPLOYMENT_TARGET = 15.0;
				MARKETING_VERSION = 1.0;
				OTHER_LDFLAGS = (
					"$(inherited)",
					"-weak_framework",
					AppIntents,
				);
				PRODUCT_BUNDLE_IDENTIFIER = com.sondra.AppleIMTests;
				PRODUCT_NAME = "$(TARGET_NAME)";
				STRING_CATALOG_GENERATE_SYMBOLS = NO;
				SWIFT_APPROACHABLE_CONCURRENCY = YES;
				SWIFT_EMIT_LOC_STRINGS = NO;
				SWIFT_STRICT_CONCURRENCY = complete;
				SWIFT_UPCOMING_FEATURE_MEMBER_IMPORT_VISIBILITY = YES;
				SWIFT_VERSION = 6.0;
				TARGETED_DEVICE_FAMILY = "1,2";
				TEST_HOST = "$(BUILT_PRODUCTS_DIR)/AppleIM.app/$(BUNDLE_EXECUTABLE_FOLDER_PATH)/AppleIM";
			};
			name = Debug;
		};
		77267F502FA0AFE200058116 /* Release */ = {
			isa = XCBuildConfiguration;
			buildSettings = {
				BUNDLE_LOADER = "$(TEST_HOST)";
				CODE_SIGN_STYLE = Automatic;
				CURRENT_PROJECT_VERSION = 1;
				DEVELOPMENT_TEAM = R75LFWU52W;
				GCC_PREPROCESSOR_DEFINITIONS = (
					"$(inherited)",
					SQLITE_HAS_CODEC,
				);
				GENERATE_INFOPLIST_FILE = YES;
				IPHONEOS_DEPLOYMENT_TARGET = 15.0;
				MARKETING_VERSION = 1.0;
				OTHER_LDFLAGS = (
					"$(inherited)",
					"-weak_framework",
					AppIntents,
				);
				PRODUCT_BUNDLE_IDENTIFIER = com.sondra.AppleIMTests;
				PRODUCT_NAME = "$(TARGET_NAME)";
				STRING_CATALOG_GENERATE_SYMBOLS = NO;
				SWIFT_APPROACHABLE_CONCURRENCY = YES;
				SWIFT_EMIT_LOC_STRINGS = NO;
				SWIFT_STRICT_CONCURRENCY = complete;
				SWIFT_UPCOMING_FEATURE_MEMBER_IMPORT_VISIBILITY = YES;
				SWIFT_VERSION = 6.0;
				TARGETED_DEVICE_FAMILY = "1,2";
				TEST_HOST = "$(BUILT_PRODUCTS_DIR)/AppleIM.app/$(BUNDLE_EXECUTABLE_FOLDER_PATH)/AppleIM";
			};
			name = Release;
		};
		77267F522FA0AFE200058116 /* Debug */ = {
			isa = XCBuildConfiguration;
			buildSettings = {
				CODE_SIGN_STYLE = Automatic;
				CURRENT_PROJECT_VERSION = 1;
				DEVELOPMENT_TEAM = R75LFWU52W;
				GENERATE_INFOPLIST_FILE = YES;
				IPHONEOS_DEPLOYMENT_TARGET = 15.0;
				MARKETING_VERSION = 1.0;
				OTHER_LDFLAGS = (
					"$(inherited)",
					"-weak_framework",
					AppIntents,
				);
				PRODUCT_BUNDLE_IDENTIFIER = com.sondra.AppleIMUITests;
				PRODUCT_NAME = "$(TARGET_NAME)";
				STRING_CATALOG_GENERATE_SYMBOLS = NO;
				SWIFT_APPROACHABLE_CONCURRENCY = YES;
				SWIFT_EMIT_LOC_STRINGS = NO;
				SWIFT_STRICT_CONCURRENCY = complete;
				SWIFT_UPCOMING_FEATURE_MEMBER_IMPORT_VISIBILITY = YES;
				SWIFT_VERSION = 6.0;
				TARGETED_DEVICE_FAMILY = "1,2";
				TEST_TARGET_NAME = AppleIM;
			};
			name = Debug;
		};
		77267F532FA0AFE200058116 /* Release */ = {
			isa = XCBuildConfiguration;
			buildSettings = {
				CODE_SIGN_STYLE = Automatic;
				CURRENT_PROJECT_VERSION = 1;
				DEVELOPMENT_TEAM = R75LFWU52W;
				GENERATE_INFOPLIST_FILE = YES;
				IPHONEOS_DEPLOYMENT_TARGET = 15.0;
				MARKETING_VERSION = 1.0;
				OTHER_LDFLAGS = (
					"$(inherited)",
					"-weak_framework",
					AppIntents,
				);
				PRODUCT_BUNDLE_IDENTIFIER = com.sondra.AppleIMUITests;
				PRODUCT_NAME = "$(TARGET_NAME)";
				STRING_CATALOG_GENERATE_SYMBOLS = NO;
				SWIFT_APPROACHABLE_CONCURRENCY = YES;
				SWIFT_EMIT_LOC_STRINGS = NO;
				SWIFT_STRICT_CONCURRENCY = complete;
				SWIFT_UPCOMING_FEATURE_MEMBER_IMPORT_VISIBILITY = YES;
				SWIFT_VERSION = 6.0;
				TARGETED_DEVICE_FAMILY = "1,2";
				TEST_TARGET_NAME = AppleIM;
			};
			name = Release;
		};
/* End XCBuildConfiguration section */

/* Begin XCConfigurationList section */
		77267F1B2FA0AFE000058116 /* Build configuration list for PBXProject "AppleIM" */ = {
			isa = XCConfigurationList;
			buildConfigurations = (
				77267F4C2FA0AFE200058116 /* Debug */,
				77267F4D2FA0AFE200058116 /* Release */,
			);
			defaultConfigurationIsVisible = 0;
			defaultConfigurationName = Release;
		};
		77267F492FA0AFE200058116 /* Build configuration list for PBXNativeTarget "AppleIM" */ = {
			isa = XCConfigurationList;
			buildConfigurations = (
				77267F4A2FA0AFE200058116 /* Debug */,
				77267F4B2FA0AFE200058116 /* Release */,
			);
			defaultConfigurationIsVisible = 0;
			defaultConfigurationName = Release;
		};
		77267F4E2FA0AFE200058116 /* Build configuration list for PBXNativeTarget "AppleIMTests" */ = {
			isa = XCConfigurationList;
			buildConfigurations = (
				77267F4F2FA0AFE200058116 /* Debug */,
				77267F502FA0AFE200058116 /* Release */,
			);
			defaultConfigurationIsVisible = 0;
			defaultConfigurationName = Release;
		};
		77267F512FA0AFE200058116 /* Build configuration list for PBXNativeTarget "AppleIMUITests" */ = {
			isa = XCConfigurationList;
			buildConfigurations = (
				77267F522FA0AFE200058116 /* Debug */,
				77267F532FA0AFE200058116 /* Release */,
			);
			defaultConfigurationIsVisible = 0;
			defaultConfigurationName = Release;
		};
/* End XCConfigurationList section */

/* Begin XCRemoteSwiftPackageReference section */
		E6C2C013F39046E4903932BD /* XCRemoteSwiftPackageReference "SQLCipher.swift" */ = {
			isa = XCRemoteSwiftPackageReference;
			repositoryURL = "https://github.com/sqlcipher/SQLCipher.swift.git";
			requirement = {
				kind = upToNextMajorVersion;
				minimumVersion = 4.10.0;
			};
		};
/* End XCRemoteSwiftPackageReference section */

/* Begin XCSwiftPackageProductDependency section */
		800A4EFF22ED4B2A8B255A44 /* SQLCipher */ = {
			isa = XCSwiftPackageProductDependency;
			package = E6C2C013F39046E4903932BD /* XCRemoteSwiftPackageReference "SQLCipher.swift" */;
			productName = SQLCipher;
		};
		C27866732AC64E198C44C1C2 /* SQLCipher */ = {
			isa = XCSwiftPackageProductDependency;
			package = E6C2C013F39046E4903932BD /* XCRemoteSwiftPackageReference "SQLCipher.swift" */;
			productName = SQLCipher;
		};
/* End XCSwiftPackageProductDependency section */
	};
	rootObject = 77267F182FA0AFE000058116 /* Project object */;
}
